<?xml version="1.0" encoding="utf-8"?>
<Project ToolsVersion="4.0" xmlns="http://schemas.microsoft.com/developer/msbuild/2003">
  <ItemGroup>
    <Filter Include="Source Files">
      <UniqueIdentifier>{4FC737F1-C7A5-4376-A066-2A32D752A2FF}</UniqueIdentifier>
      <Extensions>cpp;c;cc;cxx;def;odl;idl;hpj;bat;asm;asmx</Extensions>
    </Filter>
    <Filter Include="Header Files">
      <UniqueIdentifier>{93995380-89BD-4b04-88EB-625FBE52EBFB}</UniqueIdentifier>
      <Extensions>h;hpp;hxx;hm;inl;inc;xsd</Extensions>
    </Filter>
    <Filter Include="Resource Files">
      <UniqueIdentifier>{67DA6AB6-F800-4c08-8B7A-83BB121AAD01}</UniqueIdentifier>
      <Extensions>rc;ico;cur;bmp;dlg;rc2;rct;bin;rgs;gif;jpg;jpeg;jpe;resx;tiff;tif;png;wav;mfcribbon-ms</Extensions>
    </Filter>
    <Filter Include="Source Files\Filters">
      <UniqueIdentifier>{2cf9cdfd-1a10-46b7-ad60-cc120afd3b70}</UniqueIdentifier>
    </Filter>
    <Filter Include="Header Files\Filters">
      <UniqueIdentifier>{1eb747eb-db48-4874-988d-de691f8618fa}</UniqueIdentifier>
    </Filter>
    <Filter Include="Header Files\Graph">
      <UniqueIdentifier>{528f0b14-b19d-44fb-b5ea-3204b697cd3a}</UniqueIdentifier>
    </Filter>
    <Filter Include="Source Files\Graph">
      <UniqueIdentifier>{f9c867d6-a618-4010-9abb-9dab90ef2251}</UniqueIdentifier>
    </Filter>
    <Filter Include="Header Files\Utils">
      <UniqueIdentifier>{06725015-b92e-4816-88a7-e87004855261}</UniqueIdentifier>
    </Filter>
    <Filter Include="Header Files\Containers">
      <UniqueIdentifier>{6779f97d-f6cf-42db-bac5-1940975e13d5}</UniqueIdentifier>
    </Filter>
    <Filter Include="Header Files\Nodes">
      <UniqueIdentifier>{d84087fc-99a4-4574-857f-413202a67c62}</UniqueIdentifier>
    </Filter>
    <Filter Include="Source Files\Nodes">
      <UniqueIdentifier>{7fc87291-eaa0-4050-981d-5671994db309}</UniqueIdentifier>
    </Filter>
    <Filter Include="Header Files\Layers">
      <UniqueIdentifier>{4c6a5da6-37fe-47e2-81c8-3247eb61da15}</UniqueIdentifier>
    </Filter>
  </ItemGroup>
  <ItemGroup>
    <ClInclude Include="pfilter.h">
      <Filter>Header Files\Filters</Filter>
    </ClInclude>
    <ClInclude Include="nfilter.h">
      <Filter>Header Files\Filters</Filter>
    </ClInclude>
    <ClInclude Include="filter.h">
      <Filter>Header Files\Filters</Filter>
    </ClInclude>
    <ClInclude Include="hashgraph.h">
      <Filter>Header Files\Graph</Filter>
    </ClInclude>
    <ClInclude Include="edge.h">
      <Filter>Header Files\Graph</Filter>
    </ClInclude>
    <ClInclude Include="point.h">
      <Filter>Header Files\Graph</Filter>
    </ClInclude>
    <ClInclude Include="cmwc.h">
      <Filter>Header Files\Utils</Filter>
    </ClInclude>
    <ClInclude Include="priorityqueue.h">
      <Filter>Header Files\Containers</Filter>
    </ClInclude>
    <ClInclude Include="sparserep.h">
      <Filter>Header Files\Containers</Filter>
    </ClInclude>
    <ClInclude Include="bitset.h">
      <Filter>Header Files\Containers</Filter>
    </ClInclude>
    <ClInclude Include="dsets.h">
      <Filter>Header Files\Containers</Filter>
    </ClInclude>
    <ClInclude Include="node.h">
      <Filter>Header Files\Nodes</Filter>
    </ClInclude>
    <ClInclude Include="lnode.h">
      <Filter>Header Files\Nodes</Filter>
    </ClInclude>
    <ClInclude Include="startlayer.h">
      <Filter>Header Files\Layers</Filter>
    </ClInclude>
    <ClInclude Include="linklayer.h">
      <Filter>Header Files\Layers</Filter>
    </ClInclude>
    <ClInclude Include="hnode.h">
      <Filter>Header Files\Nodes</Filter>
    </ClInclude>
    <ClInclude Include="layer.h">
      <Filter>Header Files\Layers</Filter>
    </ClInclude>
    <ClInclude Include="timer.h">
      <Filter>Header Files\Utils</Filter>
    </ClInclude>
  </ItemGroup>
  <ItemGroup>
    <ClCompile Include="main.cpp">
      <Filter>Source Files</Filter>
    </ClCompile>
    <ClCompile Include="bitset.cpp">
      <Filter>Source Files</Filter>
    </ClCompile>
    <ClCompile Include="pfilter.cpp">
      <Filter>Source Files\Filters</Filter>
    </ClCompile>
    <ClCompile Include="nfilter.cpp">
      <Filter>Source Files\Filters</Filter>
    </ClCompile>
    <ClCompile Include="hashgraph.cpp">
      <Filter>Source Files\Graph</Filter>
    </ClCompile>
    <ClCompile Include="point.cpp">
      <Filter>Source Files\Graph</Filter>
    </ClCompile>
    <ClCompile Include="hnode.cpp">
      <Filter>Source Files\Nodes</Filter>
    </ClCompile>
    <ClCompile Include="lnode.cpp">
      <Filter>Source Files\Nodes</Filter>
    </ClCompile>
  </ItemGroup>
</Project>